
Microsoft Visual Studio Solution File, Format Version 12.00
# Visual Studio Version 17
VisualStudioVersion = 17.5.002.0
MinimumVisualStudioVersion = 10.0.40219.1
Project("{9A19103F-16F7-4668-BE54-9A1E7A4F7556}") = "devDynast", "devDynast.csproj", "{621FE672-2F6D-4BD3-8234-588755031EEB}"
EndProject
Global
	GlobalSection(SolutionConfigurationPlatforms) = preSolution
		Debug|Any CPU = Debug|Any CPU
		Release|Any CPU = Release|Any CPU
	EndGlobalSection
	GlobalSection(ProjectConfigurationPlatforms) = postSolution
		{621FE672-2F6D-4BD3-8234-588755031EEB}.Debug|Any CPU.ActiveCfg = Debug|Any CPU
		{621FE672-2F6D-4BD3-8234-588755031EEB}.Debug|Any CPU.Build.0 = Debug|Any CPU
		{621FE672-2F6D-4BD3-8234-588755031EEB}.Release|Any CPU.ActiveCfg = Release|Any CPU
		{621FE672-2F6D-4BD3-8234-588755031EEB}.Release|Any CPU.Build.0 = Release|Any CPU
	EndGlobalSection
	GlobalSection(SolutionProperties) = preSolution
		HideSolutionNode = FALSE
	EndGlobalSection
	GlobalSection(ExtensibilityGlobals) = postSolution
		SolutionGuid = {D4446CBB-E360-458C-A12E-7B45E1ED61C8}
	EndGlobalSection
EndGlobal
